
Microsoft Visual Studio Solution File, Format Version 12.00
# Visual Studio Version 17
VisualStudioVersion = 17.1.32328.378
MinimumVisualStudioVersion = 10.0.40219.1
Project("{8BC9CEB8-8B4A-11D0-8D11-00A0C91BC942}") = "scene", "scene.vcxproj", "{58694AF4-1087-D994-8F4D-C41A1375CCF4}"
EndProject
Global
	GlobalSection(SolutionConfigurationPlatforms) = preSolution
		Debug|x64 = Debug|x64
		Release|x64 = Release|x64
	EndGlobalSection
	GlobalSection(ProjectConfigurationPlatforms) = postSolution
		{58694AF4-1087-D994-8F4D-C41A1375CCF4}.Debug|x64.ActiveCfg = Debug|x64
		{58694AF4-1087-D994-8F4D-C41A1375CCF4}.Debug|x64.Build.0 = Debug|x64
		{58694AF4-1087-D994-8F4D-C41A1375CCF4}.Release|x64.ActiveCfg = Release|x64
		{58694AF4-1087-D994-8F4D-C41A1375CCF4}.Release|x64.Build.0 = Release|x64
	EndGlobalSection
	GlobalSection(SolutionProperties) = preSolution
		HideSolutionNode = FALSE
	EndGlobalSection
	GlobalSection(ExtensibilityGlobals) = postSolution
		SolutionGuid = {BC26EB44-30F0-4184-A3F0-AE49480B041B}
	EndGlobalSection
EndGlobal
